
Microsoft Visual Studio Solution File, Format Version 12.00
# Visual Studio 15
VisualStudioVersion = 15.0.28307.1022
MinimumVisualStudioVersion = 10.0.40219.1
Project("{FAE04EC0-301F-11D3-BF4B-00C04F79EFBC}") = "Task_1", "Task_1\Task_1.csproj", "{59B843A6-0891-4DED-9827-29500520027F}"
EndProject
Global
	GlobalSection(SolutionConfigurationPlatforms) = preSolution
		Debug|Any CPU = Debug|Any CPU
		Release|Any CPU = Release|Any CPU
	EndGlobalSection
	GlobalSection(ProjectConfigurationPlatforms) = postSolution
		{59B843A6-0891-4DED-9827-29500520027F}.Debug|Any CPU.ActiveCfg = Debug|Any CPU
		{59B843A6-0891-4DED-9827-29500520027F}.Debug|Any CPU.Build.0 = Debug|Any CPU
		{59B843A6-0891-4DED-9827-29500520027F}.Release|Any CPU.ActiveCfg = Release|Any CPU
		{59B843A6-0891-4DED-9827-29500520027F}.Release|Any CPU.Build.0 = Release|Any CPU
	EndGlobalSection
	GlobalSection(SolutionProperties) = preSolution
		HideSolutionNode = FALSE
	EndGlobalSection
	GlobalSection(ExtensibilityGlobals) = postSolution
		SolutionGuid = {DE6D159A-3510-4D54-903A-8331C1ED97A0}
	EndGlobalSection
EndGlobal
